
Microsoft Visual Studio Solution File, Format Version 12.00
# Visual Studio Version 17
VisualStudioVersion = 17.13.35931.197 d17.13
MinimumVisualStudioVersion = 10.0.40219.1
Project("{FAE04EC0-301F-11D3-BF4B-00C04F79EFBC}") = "lista1ex8", "lista1ex8\lista1ex8.csproj", "{6563E06A-A311-4C8C-8FF2-4EEEB1703A96}"
EndProject
Global
	GlobalSection(SolutionConfigurationPlatforms) = preSolution
		Debug|Any CPU = Debug|Any CPU
		Release|Any CPU = Release|Any CPU
	EndGlobalSection
	GlobalSection(ProjectConfigurationPlatforms) = postSolution
		{6563E06A-A311-4C8C-8FF2-4EEEB1703A96}.Debug|Any CPU.ActiveCfg = Debug|Any CPU
		{6563E06A-A311-4C8C-8FF2-4EEEB1703A96}.Debug|Any CPU.Build.0 = Debug|Any CPU
		{6563E06A-A311-4C8C-8FF2-4EEEB1703A96}.Release|Any CPU.ActiveCfg = Release|Any CPU
		{6563E06A-A311-4C8C-8FF2-4EEEB1703A96}.Release|Any CPU.Build.0 = Release|Any CPU
	EndGlobalSection
	GlobalSection(SolutionProperties) = preSolution
		HideSolutionNode = FALSE
	EndGlobalSection
	GlobalSection(ExtensibilityGlobals) = postSolution
		SolutionGuid = {BA2FE69C-6770-4CF2-9016-33E0353B1C9E}
	EndGlobalSection
EndGlobal
