
Microsoft Visual Studio Solution File, Format Version 12.00
# Visual Studio Version 17
VisualStudioVersion = 17.3.32825.248
MinimumVisualStudioVersion = 10.0.40219.1
Project("{FAE04EC0-301F-11D3-BF4B-00C04F79EFBC}") = "lista1ex7", "lista1ex7\lista1ex7.csproj", "{BDFD3450-52A1-43D9-9221-F68001FFB186}"
EndProject
Global
	GlobalSection(SolutionConfigurationPlatforms) = preSolution
		Debug|Any CPU = Debug|Any CPU
		Release|Any CPU = Release|Any CPU
	EndGlobalSection
	GlobalSection(ProjectConfigurationPlatforms) = postSolution
		{BDFD3450-52A1-43D9-9221-F68001FFB186}.Debug|Any CPU.ActiveCfg = Debug|Any CPU
		{BDFD3450-52A1-43D9-9221-F68001FFB186}.Debug|Any CPU.Build.0 = Debug|Any CPU
		{BDFD3450-52A1-43D9-9221-F68001FFB186}.Release|Any CPU.ActiveCfg = Release|Any CPU
		{BDFD3450-52A1-43D9-9221-F68001FFB186}.Release|Any CPU.Build.0 = Release|Any CPU
	EndGlobalSection
	GlobalSection(SolutionProperties) = preSolution
		HideSolutionNode = FALSE
	EndGlobalSection
	GlobalSection(ExtensibilityGlobals) = postSolution
		SolutionGuid = {F90354EB-0273-4C7F-98C5-58424F9DB798}
	EndGlobalSection
EndGlobal
