
Microsoft Visual Studio Solution File, Format Version 12.00
# Visual Studio Version 17
VisualStudioVersion = 17.13.35931.197 d17.13
MinimumVisualStudioVersion = 10.0.40219.1
Project("{FAE04EC0-301F-11D3-BF4B-00C04F79EFBC}") = "lista1ex11", "lista1ex11\lista1ex11.csproj", "{711EA5E5-FCFD-4BC9-8C86-3B79D40BDD9E}"
EndProject
Global
	GlobalSection(SolutionConfigurationPlatforms) = preSolution
		Debug|Any CPU = Debug|Any CPU
		Release|Any CPU = Release|Any CPU
	EndGlobalSection
	GlobalSection(ProjectConfigurationPlatforms) = postSolution
		{711EA5E5-FCFD-4BC9-8C86-3B79D40BDD9E}.Debug|Any CPU.ActiveCfg = Debug|Any CPU
		{711EA5E5-FCFD-4BC9-8C86-3B79D40BDD9E}.Debug|Any CPU.Build.0 = Debug|Any CPU
		{711EA5E5-FCFD-4BC9-8C86-3B79D40BDD9E}.Release|Any CPU.ActiveCfg = Release|Any CPU
		{711EA5E5-FCFD-4BC9-8C86-3B79D40BDD9E}.Release|Any CPU.Build.0 = Release|Any CPU
	EndGlobalSection
	GlobalSection(SolutionProperties) = preSolution
		HideSolutionNode = FALSE
	EndGlobalSection
	GlobalSection(ExtensibilityGlobals) = postSolution
		SolutionGuid = {873DD6EC-525E-4382-96EB-917FE2A9F2F8}
	EndGlobalSection
EndGlobal
