
Microsoft Visual Studio Solution File, Format Version 12.00
# Visual Studio Version 17
VisualStudioVersion = 17.13.35931.197 d17.13
MinimumVisualStudioVersion = 10.0.40219.1
Project("{FAE04EC0-301F-11D3-BF4B-00C04F79EFBC}") = "lista1ex9", "lista1ex9\lista1ex9.csproj", "{D16E558F-B295-4558-9006-5E77E42E2D66}"
EndProject
Global
	GlobalSection(SolutionConfigurationPlatforms) = preSolution
		Debug|Any CPU = Debug|Any CPU
		Release|Any CPU = Release|Any CPU
	EndGlobalSection
	GlobalSection(ProjectConfigurationPlatforms) = postSolution
		{D16E558F-B295-4558-9006-5E77E42E2D66}.Debug|Any CPU.ActiveCfg = Debug|Any CPU
		{D16E558F-B295-4558-9006-5E77E42E2D66}.Debug|Any CPU.Build.0 = Debug|Any CPU
		{D16E558F-B295-4558-9006-5E77E42E2D66}.Release|Any CPU.ActiveCfg = Release|Any CPU
		{D16E558F-B295-4558-9006-5E77E42E2D66}.Release|Any CPU.Build.0 = Release|Any CPU
	EndGlobalSection
	GlobalSection(SolutionProperties) = preSolution
		HideSolutionNode = FALSE
	EndGlobalSection
	GlobalSection(ExtensibilityGlobals) = postSolution
		SolutionGuid = {ADCD13C7-11FE-4F45-BC07-0B69EFAF662B}
	EndGlobalSection
EndGlobal
